
Microsoft Visual Studio Solution File, Format Version 12.00
# Visual Studio Version 16
VisualStudioVersion = 16.0.28729.10
MinimumVisualStudioVersion = 10.0.40219.1
Project("{2150E333-8FDC-42A3-9474-1A3956D46DE8}") = "Docs", "Docs", "{F745F881-EE04-4005-99AD-0CF762F91C13}"
	ProjectSection(SolutionItems) = preProject
		Docs\.NET docs.txt = Docs\.NET docs.txt
		Docs\Controls.txt = Docs\Controls.txt
		Docs\Data stores.txt = Docs\Data stores.txt
		Docs\DDD.txt = Docs\DDD.txt
		Docs\Features.txt = Docs\Features.txt
		Docs\MVVM.txt = Docs\MVVM.txt
		Docs\Online audio sources.txt = Docs\Online audio sources.txt
		Docs\Optimizations.txt = Docs\Optimizations.txt
		Docs\Playback libraries.txt = Docs\Playback libraries.txt
		Docs\Player samples.txt = Docs\Player samples.txt
		Docs\TAGs.txt = Docs\TAGs.txt
		Docs\Visual Studio doc comments.txt = Docs\Visual Studio doc comments.txt
	EndProjectSection
EndProject
Project("{2150E333-8FDC-42A3-9474-1A3956D46DE8}") = "Src", "Src", "{8191942A-59BD-4149-84AA-B800AE9604F3}"
EndProject
Project("{2150E333-8FDC-42A3-9474-1A3956D46DE8}") = "UI concepts", "UI concepts", "{8A767CB6-FC66-4707-85E0-8F5336D8A5C5}"
	ProjectSection(SolutionItems) = preProject
		Docs\UI concepts\090df75126124252e2f9ebd6e3be4262.png = Docs\UI concepts\090df75126124252e2f9ebd6e3be4262.png
		Docs\UI concepts\0e05d47485a9361b3c2d6b617bfb9a56--interface-design-user-interface.jpg = Docs\UI concepts\0e05d47485a9361b3c2d6b617bfb9a56--interface-design-user-interface.jpg
		Docs\UI concepts\1478420.jpg = Docs\UI concepts\1478420.jpg
		Docs\UI concepts\7624e82d213a4b3e4aa08c5d4ae2ae2b--design-ui-interface-design.jpg = Docs\UI concepts\7624e82d213a4b3e4aa08c5d4ae2ae2b--design-ui-interface-design.jpg
		Docs\UI concepts\apple-music-app-template.png = Docs\UI concepts\apple-music-app-template.png
		Docs\UI concepts\audio-player-02.png = Docs\UI concepts\audio-player-02.png
		Docs\UI concepts\daily-ui-002-music-player-widget.png = Docs\UI concepts\daily-ui-002-music-player-widget.png
		Docs\UI concepts\draibb.jpg = Docs\UI concepts\draibb.jpg
		Docs\UI concepts\dribbble-music-app-mock-up.jpg = Docs\UI concepts\dribbble-music-app-mock-up.jpg
		Docs\UI concepts\eIES5wE.jpg = Docs\UI concepts\eIES5wE.jpg
		Docs\UI concepts\iPhone-6-Music-Player-App.jpg = Docs\UI concepts\iPhone-6-Music-Player-App.jpg
		Docs\UI concepts\material_music_app_ui_sml.jpg = Docs\UI concepts\material_music_app_ui_sml.jpg
		Docs\UI concepts\material_player_for_rainmeter_by_sanityvampire-d8mrlm9.png = Docs\UI concepts\material_player_for_rainmeter_by_sanityvampire-d8mrlm9.png
		Docs\UI concepts\mp1.png = Docs\UI concepts\mp1.png
		Docs\UI concepts\music-player-800.png = Docs\UI concepts\music-player-800.png
		Docs\UI concepts\music-player-large.png = Docs\UI concepts\music-player-large.png
		Docs\UI concepts\music-player-screen-1024x5761.png = Docs\UI concepts\music-player-screen-1024x5761.png
		Docs\UI concepts\music-streaming-app-design.png.pagespeed.ce.RYrb8Ihhn4.png = Docs\UI concepts\music-streaming-app-design.png.pagespeed.ce.RYrb8Ihhn4.png
		Docs\UI concepts\music_player-1014x487.jpg = Docs\UI concepts\music_player-1014x487.jpg
		Docs\UI concepts\music_player_app--wip.gif = Docs\UI concepts\music_player_app--wip.gif
		Docs\UI concepts\music_player_app_ui_concept.jpg = Docs\UI concepts\music_player_app_ui_concept.jpg
		Docs\UI concepts\par2.png = Docs\UI concepts\par2.png
		Docs\UI concepts\presentation.png = Docs\UI concepts\presentation.png
		Docs\UI concepts\preview.jpg = Docs\UI concepts\preview.jpg
	EndProjectSection
EndProject
Project("{2150E333-8FDC-42A3-9474-1A3956D46DE8}") = "Solution Items", "Solution Items", "{B81CEBB1-1861-47E4-8C71-085B223E38BB}"
	ProjectSection(SolutionItems) = preProject
		SharedAssemblyInfo.cs = SharedAssemblyInfo.cs
	EndProjectSection
EndProject
Project("{9A19103F-16F7-4668-BE54-9A1E7A4F7556}") = "Caliburn.Micro.ReactiveUI", "..\Caliburn.Micro.ReactiveUI\src\Caliburn.Micro.ReactiveUI\Caliburn.Micro.ReactiveUI.csproj", "{F59E3C5E-8862-43B4-A59A-CF795B3912F3}"
EndProject
Project("{FAE04EC0-301F-11D3-BF4B-00C04F79EFBC}") = "Daedalus.ExtensionMethods", "..\Daedalus\Src\Daedalus.ExtensionMethods\Daedalus.ExtensionMethods.csproj", "{3358412E-6CA8-462B-883B-0A640218A4A0}"
EndProject
Project("{FAE04EC0-301F-11D3-BF4B-00C04F79EFBC}") = "Daedalus.UI", "..\Daedalus\Src\Daedalus.UI\Daedalus.UI.csproj", "{8008609E-8813-4A12-B385-431B25BCBBF1}"
EndProject
Project("{9A19103F-16F7-4668-BE54-9A1E7A4F7556}") = "ReactivePlayer.Core", "Src\ReactivePlayer.Core\ReactivePlayer.Core.csproj", "{BCF556A6-BE8B-4690-8A37-2CCAAD99AFC3}"
EndProject
Project("{9A19103F-16F7-4668-BE54-9A1E7A4F7556}") = "ReactivePlayer.Core.FileSystem", "Src\ReactivePlayer.Core.FileSystem\ReactivePlayer.Core.FileSystem.csproj", "{8109AEFE-91FF-42A9-982F-6B611ABA928B}"
EndProject
Project("{9A19103F-16F7-4668-BE54-9A1E7A4F7556}") = "ReactivePlayer.Core.Library", "Src\ReactivePlayer.Core.Library\ReactivePlayer.Core.Library.csproj", "{CE3BF02F-2D64-4CC5-9C62-5C3A403FC502}"
EndProject
Project("{9A19103F-16F7-4668-BE54-9A1E7A4F7556}") = "ReactivePlayer.Core.Playback", "Src\ReactivePlayer.Core.Playback\ReactivePlayer.Core.Playback.csproj", "{38F29AE5-4955-4357-BB62-803455AAE027}"
EndProject
Project("{9A19103F-16F7-4668-BE54-9A1E7A4F7556}") = "ReactivePlayer.UI", "Src\ReactivePlayer.UI\ReactivePlayer.UI.csproj", "{8E1EBFF5-35AA-4177-97DB-EC6F5F90629D}"
EndProject
Project("{9A19103F-16F7-4668-BE54-9A1E7A4F7556}") = "ReactivePlayer.UI.Wpf", "Src\ReactivePlayer.UI.Wpf\ReactivePlayer.UI.Wpf.csproj", "{BB28756F-298F-41B7-91EC-8929860D7235}"
EndProject
Project("{9A19103F-16F7-4668-BE54-9A1E7A4F7556}") = "ReactivePlayer.iTunes", "Src\ReactivePlayer.iTunes\ReactivePlayer.iTunes.csproj", "{B6F03680-E41B-4441-AAD7-8AD7A5EC1635}"
EndProject
Project("{D954291E-2A0B-460D-934E-DC6B0785DB48}") = "ReactivePlayer.Core.Library.SQLite3", "Src\ReactivePlayer.Core.Library.SQLite3\ReactivePlayer.Core.Library.SQLite3.shproj", "{6BB3755E-C801-4C24-8FA5-F63103CD7988}"
EndProject
Global
	GlobalSection(SharedMSBuildProjectFiles) = preSolution
		Src\ReactivePlayer.Core.Library.SQLite3\ReactivePlayer.Core.Library.SQLite3.projitems*{6bb3755e-c801-4c24-8fa5-f63103cd7988}*SharedItemsImports = 13
	EndGlobalSection
	GlobalSection(SolutionConfigurationPlatforms) = preSolution
		Debug|Any CPU = Debug|Any CPU
		Release|Any CPU = Release|Any CPU
	EndGlobalSection
	GlobalSection(ProjectConfigurationPlatforms) = postSolution
		{F59E3C5E-8862-43B4-A59A-CF795B3912F3}.Debug|Any CPU.ActiveCfg = Debug|Any CPU
		{F59E3C5E-8862-43B4-A59A-CF795B3912F3}.Debug|Any CPU.Build.0 = Debug|Any CPU
		{F59E3C5E-8862-43B4-A59A-CF795B3912F3}.Release|Any CPU.ActiveCfg = Release|Any CPU
		{F59E3C5E-8862-43B4-A59A-CF795B3912F3}.Release|Any CPU.Build.0 = Release|Any CPU
		{3358412E-6CA8-462B-883B-0A640218A4A0}.Debug|Any CPU.ActiveCfg = Debug|Any CPU
		{3358412E-6CA8-462B-883B-0A640218A4A0}.Debug|Any CPU.Build.0 = Debug|Any CPU
		{3358412E-6CA8-462B-883B-0A640218A4A0}.Release|Any CPU.ActiveCfg = Release|Any CPU
		{3358412E-6CA8-462B-883B-0A640218A4A0}.Release|Any CPU.Build.0 = Release|Any CPU
		{8008609E-8813-4A12-B385-431B25BCBBF1}.Debug|Any CPU.ActiveCfg = Debug|Any CPU
		{8008609E-8813-4A12-B385-431B25BCBBF1}.Debug|Any CPU.Build.0 = Debug|Any CPU
		{8008609E-8813-4A12-B385-431B25BCBBF1}.Release|Any CPU.ActiveCfg = Release|Any CPU
		{8008609E-8813-4A12-B385-431B25BCBBF1}.Release|Any CPU.Build.0 = Release|Any CPU
		{BCF556A6-BE8B-4690-8A37-2CCAAD99AFC3}.Debug|Any CPU.ActiveCfg = Debug|Any CPU
		{BCF556A6-BE8B-4690-8A37-2CCAAD99AFC3}.Debug|Any CPU.Build.0 = Debug|Any CPU
		{BCF556A6-BE8B-4690-8A37-2CCAAD99AFC3}.Release|Any CPU.ActiveCfg = Release|Any CPU
		{BCF556A6-BE8B-4690-8A37-2CCAAD99AFC3}.Release|Any CPU.Build.0 = Release|Any CPU
		{8109AEFE-91FF-42A9-982F-6B611ABA928B}.Debug|Any CPU.ActiveCfg = Debug|Any CPU
		{8109AEFE-91FF-42A9-982F-6B611ABA928B}.Debug|Any CPU.Build.0 = Debug|Any CPU
		{8109AEFE-91FF-42A9-982F-6B611ABA928B}.Release|Any CPU.ActiveCfg = Release|Any CPU
		{8109AEFE-91FF-42A9-982F-6B611ABA928B}.Release|Any CPU.Build.0 = Release|Any CPU
		{CE3BF02F-2D64-4CC5-9C62-5C3A403FC502}.Debug|Any CPU.ActiveCfg = Debug|Any CPU
		{CE3BF02F-2D64-4CC5-9C62-5C3A403FC502}.Debug|Any CPU.Build.0 = Debug|Any CPU
		{CE3BF02F-2D64-4CC5-9C62-5C3A403FC502}.Release|Any CPU.ActiveCfg = Release|Any CPU
		{CE3BF02F-2D64-4CC5-9C62-5C3A403FC502}.Release|Any CPU.Build.0 = Release|Any CPU
		{38F29AE5-4955-4357-BB62-803455AAE027}.Debug|Any CPU.ActiveCfg = Debug|Any CPU
		{38F29AE5-4955-4357-BB62-803455AAE027}.Debug|Any CPU.Build.0 = Debug|Any CPU
		{38F29AE5-4955-4357-BB62-803455AAE027}.Release|Any CPU.ActiveCfg = Release|Any CPU
		{38F29AE5-4955-4357-BB62-803455AAE027}.Release|Any CPU.Build.0 = Release|Any CPU
		{8E1EBFF5-35AA-4177-97DB-EC6F5F90629D}.Debug|Any CPU.ActiveCfg = Debug|Any CPU
		{8E1EBFF5-35AA-4177-97DB-EC6F5F90629D}.Debug|Any CPU.Build.0 = Debug|Any CPU
		{8E1EBFF5-35AA-4177-97DB-EC6F5F90629D}.Release|Any CPU.ActiveCfg = Release|Any CPU
		{8E1EBFF5-35AA-4177-97DB-EC6F5F90629D}.Release|Any CPU.Build.0 = Release|Any CPU
		{BB28756F-298F-41B7-91EC-8929860D7235}.Debug|Any CPU.ActiveCfg = Debug|Any CPU
		{BB28756F-298F-41B7-91EC-8929860D7235}.Debug|Any CPU.Build.0 = Debug|Any CPU
		{BB28756F-298F-41B7-91EC-8929860D7235}.Release|Any CPU.ActiveCfg = Release|Any CPU
		{BB28756F-298F-41B7-91EC-8929860D7235}.Release|Any CPU.Build.0 = Release|Any CPU
		{B6F03680-E41B-4441-AAD7-8AD7A5EC1635}.Debug|Any CPU.ActiveCfg = Debug|Any CPU
		{B6F03680-E41B-4441-AAD7-8AD7A5EC1635}.Debug|Any CPU.Build.0 = Debug|Any CPU
		{B6F03680-E41B-4441-AAD7-8AD7A5EC1635}.Release|Any CPU.ActiveCfg = Release|Any CPU
		{B6F03680-E41B-4441-AAD7-8AD7A5EC1635}.Release|Any CPU.Build.0 = Release|Any CPU
	EndGlobalSection
	GlobalSection(SolutionProperties) = preSolution
		HideSolutionNode = FALSE
	EndGlobalSection
	GlobalSection(NestedProjects) = preSolution
		{8A767CB6-FC66-4707-85E0-8F5336D8A5C5} = {F745F881-EE04-4005-99AD-0CF762F91C13}
		{F59E3C5E-8862-43B4-A59A-CF795B3912F3} = {8191942A-59BD-4149-84AA-B800AE9604F3}
		{3358412E-6CA8-462B-883B-0A640218A4A0} = {8191942A-59BD-4149-84AA-B800AE9604F3}
		{8008609E-8813-4A12-B385-431B25BCBBF1} = {8191942A-59BD-4149-84AA-B800AE9604F3}
		{BCF556A6-BE8B-4690-8A37-2CCAAD99AFC3} = {8191942A-59BD-4149-84AA-B800AE9604F3}
		{8109AEFE-91FF-42A9-982F-6B611ABA928B} = {8191942A-59BD-4149-84AA-B800AE9604F3}
		{CE3BF02F-2D64-4CC5-9C62-5C3A403FC502} = {8191942A-59BD-4149-84AA-B800AE9604F3}
		{38F29AE5-4955-4357-BB62-803455AAE027} = {8191942A-59BD-4149-84AA-B800AE9604F3}
		{8E1EBFF5-35AA-4177-97DB-EC6F5F90629D} = {8191942A-59BD-4149-84AA-B800AE9604F3}
		{BB28756F-298F-41B7-91EC-8929860D7235} = {8191942A-59BD-4149-84AA-B800AE9604F3}
		{B6F03680-E41B-4441-AAD7-8AD7A5EC1635} = {8191942A-59BD-4149-84AA-B800AE9604F3}
		{6BB3755E-C801-4C24-8FA5-F63103CD7988} = {8191942A-59BD-4149-84AA-B800AE9604F3}
	EndGlobalSection
	GlobalSection(ExtensibilityGlobals) = postSolution
		SolutionGuid = {89BD77AF-A336-4C8F-A1F9-E89FF141FEC5}
	EndGlobalSection
EndGlobal
