Microsoft Visual Studio Solution File, Format Version 12.00
# Visual Studio 15
VisualStudioVersion = 15.0.27004.2005
MinimumVisualStudioVersion = 10.0.40219.1
Project("{2150E333-8FDC-42A3-9474-1A3956D46DE8}") = "Src", "Src", "{1CCA9496-A979-4E3B-850F-38E5B8B31942}"
EndProject
Project("{2150E333-8FDC-42A3-9474-1A3956D46DE8}") = "Docs", "Docs", "{0CB099FF-6084-4AAA-916C-8380649EE3F0}"
	ProjectSection(SolutionItems) = preProject
		Docs\.NET docs.txt = Docs\.NET docs.txt
		Docs\App design notes.txt = Docs\App design notes.txt
		Docs\Data stores.txt = Docs\Data stores.txt
		Docs\DDD.txt = Docs\DDD.txt
		Docs\Features.txt = Docs\Features.txt
		Docs\MVVM.txt = Docs\MVVM.txt
		Docs\Online audio sources.txt = Docs\Online audio sources.txt
		Docs\Playback.txt = Docs\Playback.txt
		Docs\Reactive.txt = Docs\Reactive.txt
		Docs\Rx Design Guidelines.pdf = Docs\Rx Design Guidelines.pdf
		Docs\TAGs.txt = Docs\TAGs.txt
		Docs\Unit test.txt = Docs\Unit test.txt
		Docs\Visual Studio doc comments.txt = Docs\Visual Studio doc comments.txt
	EndProjectSection
EndProject
Project("{2150E333-8FDC-42A3-9474-1A3956D46DE8}") = "Tests", "Tests", "{EA59A37D-74FD-49BA-8944-175DAEDC08EE}"
EndProject
Project("{FAE04EC0-301F-11D3-BF4B-00C04F79EFBC}") = "ReactivePlayer.Core.Application", "Src\ReactivePlayer.Core.Application\ReactivePlayer.Core.Application.csproj", "{3F17AA7E-9965-4000-8446-9BC315F17C57}"
EndProject
Project("{2150E333-8FDC-42A3-9474-1A3956D46DE8}") = "Bench", "Bench", "{F6A61F07-3C72-430F-9B74-499883A301E5}"
EndProject
Project("{FAE04EC0-301F-11D3-BF4B-00C04F79EFBC}") = "ReactivePlayer.Benchmarks", "Bench\ReactivePlayer.Benchmarks\ReactivePlayer.Benchmarks.csproj", "{3CC7B7E4-B7D5-47EE-908E-B16038729920}"
EndProject
Project("{2150E333-8FDC-42A3-9474-1A3956D46DE8}") = "Tools", "Tools", "{2BD86662-209A-4CC6-A324-5F99B023F6E2}"
EndProject
Project("{FAE04EC0-301F-11D3-BF4B-00C04F79EFBC}") = "ReactivePlayer.Modules.iTunes", "Src\ReactivePlayer.Modules.iTunes\ReactivePlayer.Modules.iTunes.csproj", "{A45E3C4D-550F-4187-863D-C6F67E734162}"
EndProject
Project("{FAE04EC0-301F-11D3-BF4B-00C04F79EFBC}") = "ReactivePlayer.Tools.iTunesXMLLibraryConverter", "Tools\ReactivePlayer.Tools.iTunesXMLLibraryConverter\ReactivePlayer.Tools.iTunesXMLLibraryConverter.csproj", "{BD005F06-2547-4891-AEE0-A6A6D18DDB0C}"
EndProject
Project("{FAE04EC0-301F-11D3-BF4B-00C04F79EFBC}") = "ReactivePlayer.Domain.Tests", "Tests\ReactivePlayer.Domain.Tests\ReactivePlayer.Domain.Tests.csproj", "{03FA41AC-D148-47AF-839F-3A0584CEEE3B}"
EndProject
Project("{2150E333-8FDC-42A3-9474-1A3956D46DE8}") = "Solution Items", "Solution Items", "{1089CAEB-54BD-47A7-A5A9-006A15C7DE55}"
	ProjectSection(SolutionItems) = preProject
		.gitattributes = .gitattributes
		.gitignore = .gitignore
		SharedAssemblyInfo.cs = SharedAssemblyInfo.cs
	EndProjectSection
EndProject
Project("{FAE04EC0-301F-11D3-BF4B-00C04F79EFBC}") = "ReactivePlayer.UI.WPF", "Src\ReactivePlayer.UI.WPF\ReactivePlayer.UI.WPF.csproj", "{3127F9B6-3A88-4C5C-8AE5-F6F42FC0F016}"
EndProject
Project("{FAE04EC0-301F-11D3-BF4B-00C04F79EFBC}") = "ReactivePlayer.Core.Domain.Library", "Src\ReactivePlayer.Core.Domain.Library\ReactivePlayer.Core.Domain.Library.csproj", "{B6AA4A9C-BA48-41A4-91FF-00FB23B5C204}"
EndProject
Project("{FAE04EC0-301F-11D3-BF4B-00C04F79EFBC}") = "ReactivePlayer.Modules.Json.Newtonsoft", "Src\ReactivePlayer.Modules.Json.Newtonsoft\ReactivePlayer.Modules.Json.Newtonsoft.csproj", "{3348376F-332F-471D-A613-09700A0E0CBE}"
EndProject
Project("{FAE04EC0-301F-11D3-BF4B-00C04F79EFBC}") = "ReactivePlayer.App.Tests", "Tests\ReactivePlayer.App.Tests\ReactivePlayer.App.Tests.csproj", "{A0A1DC37-D84B-4CD6-9EC1-986E3431F80B}"
EndProject
Project("{FAE04EC0-301F-11D3-BF4B-00C04F79EFBC}") = "ReactivePlayer.Modules.Akavache", "Src\ReactivePlayer.Modules.Akavache\ReactivePlayer.Modules.Akavache.csproj", "{FFC8242F-3404-4BEF-A1B6-ECA0A6C04D33}"
EndProject
Project("{2150E333-8FDC-42A3-9474-1A3956D46DE8}") = "Exps", "Exps", "{DCA2872A-CCDE-44AA-8EDF-208E572F02B1}"
EndProject
Project("{FAE04EC0-301F-11D3-BF4B-00C04F79EFBC}") = "ReactivePlayer.Exps.WPF", "Exps\ReactivePlayer.Exps.WPF\ReactivePlayer.Exps.WPF.csproj", "{7942537A-2991-4EF9-8242-CE5513770823}"
EndProject
Project("{FAE04EC0-301F-11D3-BF4B-00C04F79EFBC}") = "ReactivePlayer.Exps.ArtworksExtractor", "Exps\ReactivePlayer.Exps.ArtworksExtractor\ReactivePlayer.Exps.ArtworksExtractor.csproj", "{86A58024-565B-40D6-826F-EC973694ECFF}"
EndProject
Project("{FAE04EC0-301F-11D3-BF4B-00C04F79EFBC}") = "ReactivePlayer.Modules.LiteDB", "Src\ReactivePlayer.Modules.LiteDB\ReactivePlayer.Modules.LiteDB.csproj", "{DD8359CF-93CF-4A7F-88AF-6839B1970245}"
EndProject
Project("{FAE04EC0-301F-11D3-BF4B-00C04F79EFBC}") = "ReactivePlayer.Plugins.YouTube", "Src\ReactivePlayer.Plugins.YouTube\ReactivePlayer.Plugins.YouTube.csproj", "{89B4EA03-F723-435C-9318-6BDF8CAF2835}"
EndProject
Project("{FAE04EC0-301F-11D3-BF4B-00C04F79EFBC}") = "ReactivePlayer.Exps.YouTube", "Exps\ReactivePlayer.Exps.YouTube\ReactivePlayer.Exps.YouTube.csproj", "{C580D3C7-A1CF-4E42-83D0-CDE4CF965590}"
EndProject
Project("{2150E333-8FDC-42A3-9474-1A3956D46DE8}") = "UI concepts", "UI concepts", "{DE150901-9776-4B44-BDA8-259ABB38D86D}"
	ProjectSection(SolutionItems) = preProject
		Docs\UI concepts\0e05d47485a9361b3c2d6b617bfb9a56--interface-design-user-interface.jpg = Docs\UI concepts\0e05d47485a9361b3c2d6b617bfb9a56--interface-design-user-interface.jpg
		Docs\UI concepts\1478420.jpg = Docs\UI concepts\1478420.jpg
		Docs\UI concepts\7624e82d213a4b3e4aa08c5d4ae2ae2b--design-ui-interface-design.jpg = Docs\UI concepts\7624e82d213a4b3e4aa08c5d4ae2ae2b--design-ui-interface-design.jpg
		Docs\UI concepts\audio-player-02.png = Docs\UI concepts\audio-player-02.png
		Docs\UI concepts\eIES5wE.jpg = Docs\UI concepts\eIES5wE.jpg
		Docs\UI concepts\iPhone-6-Music-Player-App.jpg = Docs\UI concepts\iPhone-6-Music-Player-App.jpg
		Docs\UI concepts\material_player_for_rainmeter_by_sanityvampire-d8mrlm9.png = Docs\UI concepts\material_player_for_rainmeter_by_sanityvampire-d8mrlm9.png
		Docs\UI concepts\music-player-screen-1024x5761.png = Docs\UI concepts\music-player-screen-1024x5761.png
		Docs\UI concepts\music_player_app--wip.gif = Docs\UI concepts\music_player_app--wip.gif
		Docs\UI concepts\par2.png = Docs\UI concepts\par2.png
	EndProjectSection
EndProject
Project("{FAE04EC0-301F-11D3-BF4B-00C04F79EFBC}") = "ReactivePlayer.Exps.TracksSerialization.LiteDB", "Exps\ReactivePlayer.Exps.TracksSerialization.LiteDB\ReactivePlayer.Exps.TracksSerialization.LiteDB.csproj", "{6DCEB110-1FD0-429A-858F-8F292E5A7642}"
EndProject
Project("{FAE04EC0-301F-11D3-BF4B-00C04F79EFBC}") = "ReactivePlayer.Modules.ZeroFormatter", "Src\ReactivePlayer.Modules.ZeroFormatter\ReactivePlayer.Modules.ZeroFormatter.csproj", "{C058B1B3-615B-41BD-A80C-47587DA5E7AB}"
EndProject
Project("{FAE04EC0-301F-11D3-BF4B-00C04F79EFBC}") = "ReactivePlayer.Exps.Serialization.Json.Newtonsoft", "Exps\ReactivePlayer.Exps.Serialization.Json.Newtonsoft\ReactivePlayer.Exps.Serialization.Json.Newtonsoft.csproj", "{4793A829-7F40-49E3-8DEC-B70B3A26D432}"
EndProject
Project("{FAE04EC0-301F-11D3-BF4B-00C04F79EFBC}") = "ReactivePlayer.Modules.Json.Jil", "Src\ReactivePlayer.Modules.Json.Jil\ReactivePlayer.Modules.Json.Jil.csproj", "{C941DEEB-4A21-418A-87AB-857D1FBE83C0}"
EndProject
Project("{FAE04EC0-301F-11D3-BF4B-00C04F79EFBC}") = "ReactivePlayer.Exps.Reactive", "Exps\ReactivePlayer.Exps.Reactive\ReactivePlayer.Exps.Reactive.csproj", "{952D5278-2F2F-44DB-BD41-371668EF81BA}"
EndProject
Project("{FAE04EC0-301F-11D3-BF4B-00C04F79EFBC}") = "ReactivePlayer.Exps.ReactiveUI.InvokeCommand", "Exps\ReactivePlayer.Exps.ReactiveUI.InvokeCommand\ReactivePlayer.Exps.ReactiveUI.InvokeCommand.csproj", "{208D7151-60DE-41FD-9A18-D1B0F677EF4A}"
EndProject
Project("{FAE04EC0-301F-11D3-BF4B-00C04F79EFBC}") = "ReactivePlayer.Modules.Json.Custom", "Src\ReactivePlayer.Modules.Json.Custom\ReactivePlayer.Modules.Json.Custom.csproj", "{53C1DFBD-9F67-43BD-8E33-DEF3C6B5E047}"
EndProject
Project("{FAE04EC0-301F-11D3-BF4B-00C04F79EFBC}") = "ReactivePlayer.Modules.SQLite3.SQLiteNetPcl", "Src\ReactivePlayer.Modules.SQLite3.SQLiteNetPcl\ReactivePlayer.Modules.SQLite3.SQLiteNetPcl.csproj", "{632825FE-F2FB-436B-8422-F6B8A155450A}"
EndProject
Project("{FAE04EC0-301F-11D3-BF4B-00C04F79EFBC}") = "ReactivePlayer.Modules.SQLite3.Microsoft", "Src\ReactivePlayer.Modules.SQLite3.Microsoft\ReactivePlayer.Modules.SQLite3.Microsoft.csproj", "{9C90E40B-4F86-4882-946E-6618A02DDEC9}"
EndProject
Project("{FAE04EC0-301F-11D3-BF4B-00C04F79EFBC}") = "ReactivePlayer.Modules.SQLite3", "Src\ReactivePlayer.Modules.SQLite3\ReactivePlayer.Modules.SQLite3.csproj", "{AD7B8AE4-C397-4E2A-9476-2FF0678AA19E}"
EndProject
Project("{FAE04EC0-301F-11D3-BF4B-00C04F79EFBC}") = "ReactivePlayer.Infrastructure", "Src\ReactivePlayer.Infrastructure\ReactivePlayer.Infrastructure.csproj", "{DF6027C8-A1D8-4437-9842-C003D263558F}"
EndProject
Project("{2150E333-8FDC-42A3-9474-1A3956D46DE8}") = "Plugins", "Plugins", "{2515A07B-39AE-46FF-8982-2E4C9068B2BD}"
EndProject
Project("{FAE04EC0-301F-11D3-BF4B-00C04F79EFBC}") = "ReactivePlayer.UI", "Src\ReactivePlayer.UI\ReactivePlayer.UI.csproj", "{EF3ED4E8-E260-4557-8EC7-2FBAFB399343}"
EndProject
Project("{FAE04EC0-301F-11D3-BF4B-00C04F79EFBC}") = "ReactivePlayer.Exps", "Exps\ReactivePlayer.Exps\ReactivePlayer.Exps.csproj", "{39336567-1654-4A8E-B7D1-08C1776FEBBC}"
EndProject
Project("{FAE04EC0-301F-11D3-BF4B-00C04F79EFBC}") = "ReactivePlayer.Infrastructure.Tests", "Tests\ReactivePlayer.Infrastructure.Tests\ReactivePlayer.Infrastructure.Tests.csproj", "{325823E2-0816-45A8-9EEA-333D97A4AB07}"
EndProject
Project("{FAE04EC0-301F-11D3-BF4B-00C04F79EFBC}") = "ReactivePlayer.Exps.DynamicData", "Exps\ReactivePlayer.Exps.DynamicData\ReactivePlayer.Exps.DynamicData.csproj", "{9CA30A88-B97D-4A56-9C0A-07E2F8545492}"
EndProject
Global
	GlobalSection(SolutionConfigurationPlatforms) = preSolution
		Debug|Any CPU = Debug|Any CPU
		Release|Any CPU = Release|Any CPU
	EndGlobalSection
	GlobalSection(ProjectConfigurationPlatforms) = postSolution
		{3F17AA7E-9965-4000-8446-9BC315F17C57}.Debug|Any CPU.ActiveCfg = Debug|Any CPU
		{3F17AA7E-9965-4000-8446-9BC315F17C57}.Debug|Any CPU.Build.0 = Debug|Any CPU
		{3F17AA7E-9965-4000-8446-9BC315F17C57}.Release|Any CPU.ActiveCfg = Release|Any CPU
		{3F17AA7E-9965-4000-8446-9BC315F17C57}.Release|Any CPU.Build.0 = Release|Any CPU
		{3CC7B7E4-B7D5-47EE-908E-B16038729920}.Debug|Any CPU.ActiveCfg = Debug|Any CPU
		{3CC7B7E4-B7D5-47EE-908E-B16038729920}.Debug|Any CPU.Build.0 = Debug|Any CPU
		{3CC7B7E4-B7D5-47EE-908E-B16038729920}.Release|Any CPU.ActiveCfg = Release|Any CPU
		{3CC7B7E4-B7D5-47EE-908E-B16038729920}.Release|Any CPU.Build.0 = Release|Any CPU
		{A45E3C4D-550F-4187-863D-C6F67E734162}.Debug|Any CPU.ActiveCfg = Debug|Any CPU
		{A45E3C4D-550F-4187-863D-C6F67E734162}.Debug|Any CPU.Build.0 = Debug|Any CPU
		{A45E3C4D-550F-4187-863D-C6F67E734162}.Release|Any CPU.ActiveCfg = Release|Any CPU
		{A45E3C4D-550F-4187-863D-C6F67E734162}.Release|Any CPU.Build.0 = Release|Any CPU
		{BD005F06-2547-4891-AEE0-A6A6D18DDB0C}.Debug|Any CPU.ActiveCfg = Debug|Any CPU
		{BD005F06-2547-4891-AEE0-A6A6D18DDB0C}.Debug|Any CPU.Build.0 = Debug|Any CPU
		{BD005F06-2547-4891-AEE0-A6A6D18DDB0C}.Release|Any CPU.ActiveCfg = Release|Any CPU
		{BD005F06-2547-4891-AEE0-A6A6D18DDB0C}.Release|Any CPU.Build.0 = Release|Any CPU
		{03FA41AC-D148-47AF-839F-3A0584CEEE3B}.Debug|Any CPU.ActiveCfg = Debug|Any CPU
		{03FA41AC-D148-47AF-839F-3A0584CEEE3B}.Debug|Any CPU.Build.0 = Debug|Any CPU
		{03FA41AC-D148-47AF-839F-3A0584CEEE3B}.Release|Any CPU.ActiveCfg = Release|Any CPU
		{03FA41AC-D148-47AF-839F-3A0584CEEE3B}.Release|Any CPU.Build.0 = Release|Any CPU
		{3127F9B6-3A88-4C5C-8AE5-F6F42FC0F016}.Debug|Any CPU.ActiveCfg = Debug|Any CPU
		{3127F9B6-3A88-4C5C-8AE5-F6F42FC0F016}.Debug|Any CPU.Build.0 = Debug|Any CPU
		{3127F9B6-3A88-4C5C-8AE5-F6F42FC0F016}.Release|Any CPU.ActiveCfg = Release|Any CPU
		{3127F9B6-3A88-4C5C-8AE5-F6F42FC0F016}.Release|Any CPU.Build.0 = Release|Any CPU
		{B6AA4A9C-BA48-41A4-91FF-00FB23B5C204}.Debug|Any CPU.ActiveCfg = Debug|Any CPU
		{B6AA4A9C-BA48-41A4-91FF-00FB23B5C204}.Debug|Any CPU.Build.0 = Debug|Any CPU
		{B6AA4A9C-BA48-41A4-91FF-00FB23B5C204}.Release|Any CPU.ActiveCfg = Release|Any CPU
		{B6AA4A9C-BA48-41A4-91FF-00FB23B5C204}.Release|Any CPU.Build.0 = Release|Any CPU
		{3348376F-332F-471D-A613-09700A0E0CBE}.Debug|Any CPU.ActiveCfg = Debug|Any CPU
		{3348376F-332F-471D-A613-09700A0E0CBE}.Debug|Any CPU.Build.0 = Debug|Any CPU
		{3348376F-332F-471D-A613-09700A0E0CBE}.Release|Any CPU.ActiveCfg = Release|Any CPU
		{3348376F-332F-471D-A613-09700A0E0CBE}.Release|Any CPU.Build.0 = Release|Any CPU
		{A0A1DC37-D84B-4CD6-9EC1-986E3431F80B}.Debug|Any CPU.ActiveCfg = Debug|Any CPU
		{A0A1DC37-D84B-4CD6-9EC1-986E3431F80B}.Debug|Any CPU.Build.0 = Debug|Any CPU
		{A0A1DC37-D84B-4CD6-9EC1-986E3431F80B}.Release|Any CPU.ActiveCfg = Release|Any CPU
		{A0A1DC37-D84B-4CD6-9EC1-986E3431F80B}.Release|Any CPU.Build.0 = Release|Any CPU
		{FFC8242F-3404-4BEF-A1B6-ECA0A6C04D33}.Debug|Any CPU.ActiveCfg = Debug|Any CPU
		{FFC8242F-3404-4BEF-A1B6-ECA0A6C04D33}.Debug|Any CPU.Build.0 = Debug|Any CPU
		{FFC8242F-3404-4BEF-A1B6-ECA0A6C04D33}.Release|Any CPU.ActiveCfg = Release|Any CPU
		{FFC8242F-3404-4BEF-A1B6-ECA0A6C04D33}.Release|Any CPU.Build.0 = Release|Any CPU
		{7942537A-2991-4EF9-8242-CE5513770823}.Debug|Any CPU.ActiveCfg = Debug|Any CPU
		{7942537A-2991-4EF9-8242-CE5513770823}.Debug|Any CPU.Build.0 = Debug|Any CPU
		{7942537A-2991-4EF9-8242-CE5513770823}.Release|Any CPU.ActiveCfg = Release|Any CPU
		{7942537A-2991-4EF9-8242-CE5513770823}.Release|Any CPU.Build.0 = Release|Any CPU
		{86A58024-565B-40D6-826F-EC973694ECFF}.Debug|Any CPU.ActiveCfg = Debug|Any CPU
		{86A58024-565B-40D6-826F-EC973694ECFF}.Debug|Any CPU.Build.0 = Debug|Any CPU
		{86A58024-565B-40D6-826F-EC973694ECFF}.Release|Any CPU.ActiveCfg = Release|Any CPU
		{86A58024-565B-40D6-826F-EC973694ECFF}.Release|Any CPU.Build.0 = Release|Any CPU
		{DD8359CF-93CF-4A7F-88AF-6839B1970245}.Debug|Any CPU.ActiveCfg = Debug|Any CPU
		{DD8359CF-93CF-4A7F-88AF-6839B1970245}.Debug|Any CPU.Build.0 = Debug|Any CPU
		{DD8359CF-93CF-4A7F-88AF-6839B1970245}.Release|Any CPU.ActiveCfg = Release|Any CPU
		{DD8359CF-93CF-4A7F-88AF-6839B1970245}.Release|Any CPU.Build.0 = Release|Any CPU
		{89B4EA03-F723-435C-9318-6BDF8CAF2835}.Debug|Any CPU.ActiveCfg = Debug|Any CPU
		{89B4EA03-F723-435C-9318-6BDF8CAF2835}.Debug|Any CPU.Build.0 = Debug|Any CPU
		{89B4EA03-F723-435C-9318-6BDF8CAF2835}.Release|Any CPU.ActiveCfg = Release|Any CPU
		{89B4EA03-F723-435C-9318-6BDF8CAF2835}.Release|Any CPU.Build.0 = Release|Any CPU
		{C580D3C7-A1CF-4E42-83D0-CDE4CF965590}.Debug|Any CPU.ActiveCfg = Debug|Any CPU
		{C580D3C7-A1CF-4E42-83D0-CDE4CF965590}.Debug|Any CPU.Build.0 = Debug|Any CPU
		{C580D3C7-A1CF-4E42-83D0-CDE4CF965590}.Release|Any CPU.ActiveCfg = Release|Any CPU
		{C580D3C7-A1CF-4E42-83D0-CDE4CF965590}.Release|Any CPU.Build.0 = Release|Any CPU
		{6DCEB110-1FD0-429A-858F-8F292E5A7642}.Debug|Any CPU.ActiveCfg = Debug|Any CPU
		{6DCEB110-1FD0-429A-858F-8F292E5A7642}.Debug|Any CPU.Build.0 = Debug|Any CPU
		{6DCEB110-1FD0-429A-858F-8F292E5A7642}.Release|Any CPU.ActiveCfg = Release|Any CPU
		{6DCEB110-1FD0-429A-858F-8F292E5A7642}.Release|Any CPU.Build.0 = Release|Any CPU
		{C058B1B3-615B-41BD-A80C-47587DA5E7AB}.Debug|Any CPU.ActiveCfg = Debug|Any CPU
		{C058B1B3-615B-41BD-A80C-47587DA5E7AB}.Debug|Any CPU.Build.0 = Debug|Any CPU
		{C058B1B3-615B-41BD-A80C-47587DA5E7AB}.Release|Any CPU.ActiveCfg = Release|Any CPU
		{C058B1B3-615B-41BD-A80C-47587DA5E7AB}.Release|Any CPU.Build.0 = Release|Any CPU
		{4793A829-7F40-49E3-8DEC-B70B3A26D432}.Debug|Any CPU.ActiveCfg = Debug|Any CPU
		{4793A829-7F40-49E3-8DEC-B70B3A26D432}.Debug|Any CPU.Build.0 = Debug|Any CPU
		{4793A829-7F40-49E3-8DEC-B70B3A26D432}.Release|Any CPU.ActiveCfg = Release|Any CPU
		{4793A829-7F40-49E3-8DEC-B70B3A26D432}.Release|Any CPU.Build.0 = Release|Any CPU
		{C941DEEB-4A21-418A-87AB-857D1FBE83C0}.Debug|Any CPU.ActiveCfg = Debug|Any CPU
		{C941DEEB-4A21-418A-87AB-857D1FBE83C0}.Debug|Any CPU.Build.0 = Debug|Any CPU
		{C941DEEB-4A21-418A-87AB-857D1FBE83C0}.Release|Any CPU.ActiveCfg = Release|Any CPU
		{C941DEEB-4A21-418A-87AB-857D1FBE83C0}.Release|Any CPU.Build.0 = Release|Any CPU
		{952D5278-2F2F-44DB-BD41-371668EF81BA}.Debug|Any CPU.ActiveCfg = Debug|Any CPU
		{952D5278-2F2F-44DB-BD41-371668EF81BA}.Debug|Any CPU.Build.0 = Debug|Any CPU
		{952D5278-2F2F-44DB-BD41-371668EF81BA}.Release|Any CPU.ActiveCfg = Release|Any CPU
		{952D5278-2F2F-44DB-BD41-371668EF81BA}.Release|Any CPU.Build.0 = Release|Any CPU
		{208D7151-60DE-41FD-9A18-D1B0F677EF4A}.Debug|Any CPU.ActiveCfg = Debug|Any CPU
		{208D7151-60DE-41FD-9A18-D1B0F677EF4A}.Debug|Any CPU.Build.0 = Debug|Any CPU
		{208D7151-60DE-41FD-9A18-D1B0F677EF4A}.Release|Any CPU.ActiveCfg = Release|Any CPU
		{208D7151-60DE-41FD-9A18-D1B0F677EF4A}.Release|Any CPU.Build.0 = Release|Any CPU
		{53C1DFBD-9F67-43BD-8E33-DEF3C6B5E047}.Debug|Any CPU.ActiveCfg = Debug|Any CPU
		{53C1DFBD-9F67-43BD-8E33-DEF3C6B5E047}.Debug|Any CPU.Build.0 = Debug|Any CPU
		{53C1DFBD-9F67-43BD-8E33-DEF3C6B5E047}.Release|Any CPU.ActiveCfg = Release|Any CPU
		{53C1DFBD-9F67-43BD-8E33-DEF3C6B5E047}.Release|Any CPU.Build.0 = Release|Any CPU
		{632825FE-F2FB-436B-8422-F6B8A155450A}.Debug|Any CPU.ActiveCfg = Debug|Any CPU
		{632825FE-F2FB-436B-8422-F6B8A155450A}.Debug|Any CPU.Build.0 = Debug|Any CPU
		{632825FE-F2FB-436B-8422-F6B8A155450A}.Release|Any CPU.ActiveCfg = Release|Any CPU
		{632825FE-F2FB-436B-8422-F6B8A155450A}.Release|Any CPU.Build.0 = Release|Any CPU
		{9C90E40B-4F86-4882-946E-6618A02DDEC9}.Debug|Any CPU.ActiveCfg = Debug|Any CPU
		{9C90E40B-4F86-4882-946E-6618A02DDEC9}.Debug|Any CPU.Build.0 = Debug|Any CPU
		{9C90E40B-4F86-4882-946E-6618A02DDEC9}.Release|Any CPU.ActiveCfg = Release|Any CPU
		{9C90E40B-4F86-4882-946E-6618A02DDEC9}.Release|Any CPU.Build.0 = Release|Any CPU
		{AD7B8AE4-C397-4E2A-9476-2FF0678AA19E}.Debug|Any CPU.ActiveCfg = Debug|Any CPU
		{AD7B8AE4-C397-4E2A-9476-2FF0678AA19E}.Debug|Any CPU.Build.0 = Debug|Any CPU
		{AD7B8AE4-C397-4E2A-9476-2FF0678AA19E}.Release|Any CPU.ActiveCfg = Release|Any CPU
		{AD7B8AE4-C397-4E2A-9476-2FF0678AA19E}.Release|Any CPU.Build.0 = Release|Any CPU
		{DF6027C8-A1D8-4437-9842-C003D263558F}.Debug|Any CPU.ActiveCfg = Debug|Any CPU
		{DF6027C8-A1D8-4437-9842-C003D263558F}.Debug|Any CPU.Build.0 = Debug|Any CPU
		{DF6027C8-A1D8-4437-9842-C003D263558F}.Release|Any CPU.ActiveCfg = Release|Any CPU
		{DF6027C8-A1D8-4437-9842-C003D263558F}.Release|Any CPU.Build.0 = Release|Any CPU
		{EF3ED4E8-E260-4557-8EC7-2FBAFB399343}.Debug|Any CPU.ActiveCfg = Debug|Any CPU
		{EF3ED4E8-E260-4557-8EC7-2FBAFB399343}.Debug|Any CPU.Build.0 = Debug|Any CPU
		{EF3ED4E8-E260-4557-8EC7-2FBAFB399343}.Release|Any CPU.ActiveCfg = Release|Any CPU
		{EF3ED4E8-E260-4557-8EC7-2FBAFB399343}.Release|Any CPU.Build.0 = Release|Any CPU
		{39336567-1654-4A8E-B7D1-08C1776FEBBC}.Debug|Any CPU.ActiveCfg = Debug|Any CPU
		{39336567-1654-4A8E-B7D1-08C1776FEBBC}.Debug|Any CPU.Build.0 = Debug|Any CPU
		{39336567-1654-4A8E-B7D1-08C1776FEBBC}.Release|Any CPU.ActiveCfg = Release|Any CPU
		{39336567-1654-4A8E-B7D1-08C1776FEBBC}.Release|Any CPU.Build.0 = Release|Any CPU
		{325823E2-0816-45A8-9EEA-333D97A4AB07}.Debug|Any CPU.ActiveCfg = Debug|Any CPU
		{325823E2-0816-45A8-9EEA-333D97A4AB07}.Debug|Any CPU.Build.0 = Debug|Any CPU
		{325823E2-0816-45A8-9EEA-333D97A4AB07}.Release|Any CPU.ActiveCfg = Release|Any CPU
		{325823E2-0816-45A8-9EEA-333D97A4AB07}.Release|Any CPU.Build.0 = Release|Any CPU
		{9CA30A88-B97D-4A56-9C0A-07E2F8545492}.Debug|Any CPU.ActiveCfg = Debug|Any CPU
		{9CA30A88-B97D-4A56-9C0A-07E2F8545492}.Debug|Any CPU.Build.0 = Debug|Any CPU
		{9CA30A88-B97D-4A56-9C0A-07E2F8545492}.Release|Any CPU.ActiveCfg = Release|Any CPU
		{9CA30A88-B97D-4A56-9C0A-07E2F8545492}.Release|Any CPU.Build.0 = Release|Any CPU
	EndGlobalSection
	GlobalSection(SolutionProperties) = preSolution
		HideSolutionNode = FALSE
	EndGlobalSection
	GlobalSection(NestedProjects) = preSolution
		{3F17AA7E-9965-4000-8446-9BC315F17C57} = {1CCA9496-A979-4E3B-850F-38E5B8B31942}
		{3CC7B7E4-B7D5-47EE-908E-B16038729920} = {F6A61F07-3C72-430F-9B74-499883A301E5}
		{A45E3C4D-550F-4187-863D-C6F67E734162} = {2515A07B-39AE-46FF-8982-2E4C9068B2BD}
		{BD005F06-2547-4891-AEE0-A6A6D18DDB0C} = {2BD86662-209A-4CC6-A324-5F99B023F6E2}
		{03FA41AC-D148-47AF-839F-3A0584CEEE3B} = {EA59A37D-74FD-49BA-8944-175DAEDC08EE}
		{3127F9B6-3A88-4C5C-8AE5-F6F42FC0F016} = {1CCA9496-A979-4E3B-850F-38E5B8B31942}
		{B6AA4A9C-BA48-41A4-91FF-00FB23B5C204} = {1CCA9496-A979-4E3B-850F-38E5B8B31942}
		{3348376F-332F-471D-A613-09700A0E0CBE} = {2515A07B-39AE-46FF-8982-2E4C9068B2BD}
		{A0A1DC37-D84B-4CD6-9EC1-986E3431F80B} = {EA59A37D-74FD-49BA-8944-175DAEDC08EE}
		{FFC8242F-3404-4BEF-A1B6-ECA0A6C04D33} = {2515A07B-39AE-46FF-8982-2E4C9068B2BD}
		{7942537A-2991-4EF9-8242-CE5513770823} = {DCA2872A-CCDE-44AA-8EDF-208E572F02B1}
		{86A58024-565B-40D6-826F-EC973694ECFF} = {DCA2872A-CCDE-44AA-8EDF-208E572F02B1}
		{DD8359CF-93CF-4A7F-88AF-6839B1970245} = {2515A07B-39AE-46FF-8982-2E4C9068B2BD}
		{89B4EA03-F723-435C-9318-6BDF8CAF2835} = {2515A07B-39AE-46FF-8982-2E4C9068B2BD}
		{C580D3C7-A1CF-4E42-83D0-CDE4CF965590} = {DCA2872A-CCDE-44AA-8EDF-208E572F02B1}
		{DE150901-9776-4B44-BDA8-259ABB38D86D} = {0CB099FF-6084-4AAA-916C-8380649EE3F0}
		{6DCEB110-1FD0-429A-858F-8F292E5A7642} = {DCA2872A-CCDE-44AA-8EDF-208E572F02B1}
		{C058B1B3-615B-41BD-A80C-47587DA5E7AB} = {2515A07B-39AE-46FF-8982-2E4C9068B2BD}
		{4793A829-7F40-49E3-8DEC-B70B3A26D432} = {DCA2872A-CCDE-44AA-8EDF-208E572F02B1}
		{C941DEEB-4A21-418A-87AB-857D1FBE83C0} = {2515A07B-39AE-46FF-8982-2E4C9068B2BD}
		{952D5278-2F2F-44DB-BD41-371668EF81BA} = {DCA2872A-CCDE-44AA-8EDF-208E572F02B1}
		{208D7151-60DE-41FD-9A18-D1B0F677EF4A} = {DCA2872A-CCDE-44AA-8EDF-208E572F02B1}
		{53C1DFBD-9F67-43BD-8E33-DEF3C6B5E047} = {2515A07B-39AE-46FF-8982-2E4C9068B2BD}
		{632825FE-F2FB-436B-8422-F6B8A155450A} = {2515A07B-39AE-46FF-8982-2E4C9068B2BD}
		{9C90E40B-4F86-4882-946E-6618A02DDEC9} = {2515A07B-39AE-46FF-8982-2E4C9068B2BD}
		{AD7B8AE4-C397-4E2A-9476-2FF0678AA19E} = {2515A07B-39AE-46FF-8982-2E4C9068B2BD}
		{DF6027C8-A1D8-4437-9842-C003D263558F} = {1CCA9496-A979-4E3B-850F-38E5B8B31942}
		{2515A07B-39AE-46FF-8982-2E4C9068B2BD} = {1CCA9496-A979-4E3B-850F-38E5B8B31942}
		{EF3ED4E8-E260-4557-8EC7-2FBAFB399343} = {1CCA9496-A979-4E3B-850F-38E5B8B31942}
		{39336567-1654-4A8E-B7D1-08C1776FEBBC} = {DCA2872A-CCDE-44AA-8EDF-208E572F02B1}
		{325823E2-0816-45A8-9EEA-333D97A4AB07} = {EA59A37D-74FD-49BA-8944-175DAEDC08EE}
		{9CA30A88-B97D-4A56-9C0A-07E2F8545492} = {DCA2872A-CCDE-44AA-8EDF-208E572F02B1}
	EndGlobalSection
	GlobalSection(ExtensibilityGlobals) = postSolution
		SolutionGuid = {B138181B-6FB1-4F94-BC8F-85617D18E3D5}
	EndGlobalSection
EndGlobal
